
Microsoft Visual Studio Solution File, Format Version 12.00
# Visual Studio Version 17
VisualStudioVersion = 17.0.32014.148
MinimumVisualStudioVersion = 10.0.40219.1
Project("{9A19103F-16F7-4668-BE54-9A1E7A4F7556}") = "SUSScoreListViewer", "SUSViewer\SUSScoreListViewer.csproj", "{0BD73B9A-204A-4E56-BD22-4A1F1161E175}"
EndProject
Global
	GlobalSection(SolutionConfigurationPlatforms) = preSolution
		Debug|Any CPU = Debug|Any CPU
		Release|Any CPU = Release|Any CPU
	EndGlobalSection
	GlobalSection(ProjectConfigurationPlatforms) = postSolution
		{0BD73B9A-204A-4E56-BD22-4A1F1161E175}.Debug|Any CPU.ActiveCfg = Debug|Any CPU
		{0BD73B9A-204A-4E56-BD22-4A1F1161E175}.Debug|Any CPU.Build.0 = Debug|Any CPU
		{0BD73B9A-204A-4E56-BD22-4A1F1161E175}.Release|Any CPU.ActiveCfg = Release|Any CPU
		{0BD73B9A-204A-4E56-BD22-4A1F1161E175}.Release|Any CPU.Build.0 = Release|Any CPU
	EndGlobalSection
	GlobalSection(SolutionProperties) = preSolution
		HideSolutionNode = FALSE
	EndGlobalSection
	GlobalSection(ExtensibilityGlobals) = postSolution
		SolutionGuid = {E39040A5-E544-4C01-8E64-40E3D27500CC}
	EndGlobalSection
EndGlobal
